// !$*UTF8*$!
{
	archiveVersion = 1;
	classes = {
	};
	objectVersion = 55;
	objects = {

/* Begin PBXBuildFile section */
		07AE612ABE4A0CA5C7F02C74 /* Pods_Employeedirectory.framework in Frameworks */ = {isa = PBXBuildFile; fileRef = D156DB7307687A533124146F /* Pods_Employeedirectory.framework */; };
		7DBE8A45A3C25D2CE12C44CC /* Pods_EmployeedirectoryTests.framework in Frameworks */ = {isa = PBXBuildFile; fileRef = 3E6302EE04A8887534652508 /* Pods_EmployeedirectoryTests.framework */; };
		A46BEA394CA218A44E44BBCA /* Pods_Employeedirectory_EmployeedirectoryUITests.framework in Frameworks */ = {isa = PBXBuildFile; fileRef = A17F011FA08F17B5E97DA55F /* Pods_Employeedirectory_EmployeedirectoryUITests.framework */; };
		DE090E9728F68276005EC33F /* ReadMe.md in Resources */ = {isa = PBXBuildFile; fileRef = DE090E9628F68276005EC33F /* ReadMe.md */; };
		DE216BF229026290002A503C /* EmployeeTVCellViewModel.swift in Sources */ = {isa = PBXBuildFile; fileRef = DE216BF129026290002A503C /* EmployeeTVCellViewModel.swift */; };
		DE57606E28EE933200488447 /* AppDelegate.swift in Sources */ = {isa = PBXBuildFile; fileRef = DE57606D28EE933200488447 /* AppDelegate.swift */; };
		DE57607028EE933200488447 /* SceneDelegate.swift in Sources */ = {isa = PBXBuildFile; fileRef = DE57606F28EE933200488447 /* SceneDelegate.swift */; };
		DE57607228EE933200488447 /* ViewController.swift in Sources */ = {isa = PBXBuildFile; fileRef = DE57607128EE933200488447 /* ViewController.swift */; };
		DE57607728EE933500488447 /* Assets.xcassets in Resources */ = {isa = PBXBuildFile; fileRef = DE57607628EE933500488447 /* Assets.xcassets */; };
		DE57607A28EE933500488447 /* LaunchScreen.storyboard in Resources */ = {isa = PBXBuildFile; fileRef = DE57607828EE933500488447 /* LaunchScreen.storyboard */; };
		DE57608528EE933600488447 /* EmployeedirectoryTests.swift in Sources */ = {isa = PBXBuildFile; fileRef = DE57608428EE933600488447 /* EmployeedirectoryTests.swift */; };
		DE57608F28EE933600488447 /* EmployeedirectoryUITests.swift in Sources */ = {isa = PBXBuildFile; fileRef = DE57608E28EE933600488447 /* EmployeedirectoryUITests.swift */; };
		DE57609128EE933600488447 /* EmployeedirectoryUITestsLaunchTests.swift in Sources */ = {isa = PBXBuildFile; fileRef = DE57609028EE933600488447 /* EmployeedirectoryUITestsLaunchTests.swift */; };
		DE57609F28EE936B00488447 /* EmployeeData.swift in Sources */ = {isa = PBXBuildFile; fileRef = DE57609E28EE936B00488447 /* EmployeeData.swift */; };
		DE5760A228EE964800488447 /* NetworkService.swift in Sources */ = {isa = PBXBuildFile; fileRef = DE5760A128EE964800488447 /* NetworkService.swift */; };
		DE5760A728EEAD3F00488447 /* EmployeeTableViewCell.swift in Sources */ = {isa = PBXBuildFile; fileRef = DE5760A628EEAD3F00488447 /* EmployeeTableViewCell.swift */; };
		DE5760AA28EEC53D00488447 /* Extentions.swift in Sources */ = {isa = PBXBuildFile; fileRef = DE5760A928EEC53D00488447 /* Extentions.swift */; };
		DE5760AD28EECDC600488447 /* EmployeeViewModel.swift in Sources */ = {isa = PBXBuildFile; fileRef = DE5760AC28EECDC600488447 /* EmployeeViewModel.swift */; };
/* End PBXBuildFile section */

/* Begin PBXContainerItemProxy section */
		DE57608128EE933600488447 /* PBXContainerItemProxy */ = {
			isa = PBXContainerItemProxy;
			containerPortal = DE57606228EE933200488447 /* Project object */;
			proxyType = 1;
			remoteGlobalIDString = DE57606928EE933200488447;
			remoteInfo = Employeedirectory;
		};
		DE57608B28EE933600488447 /* PBXContainerItemProxy */ = {
			isa = PBXContainerItemProxy;
			containerPortal = DE57606228EE933200488447 /* Project object */;
			proxyType = 1;
			remoteGlobalIDString = DE57606928EE933200488447;
			remoteInfo = Employeedirectory;
		};
/* End PBXContainerItemProxy section */

/* Begin PBXFileReference section */
		39D35B873685055CBCBBBD42 /* Pods-Employeedirectory-EmployeedirectoryUITests.debug.xcconfig */ = {isa = PBXFileReference; includeInIndex = 1; lastKnownFileType = text.xcconfig; name = "Pods-Employeedirectory-EmployeedirectoryUITests.debug.xcconfig"; path = "Target Support Files/Pods-Employeedirectory-EmployeedirectoryUITests/Pods-Employeedirectory-EmployeedirectoryUITests.debug.xcconfig"; sourceTree = "<group>"; };
		3E6302EE04A8887534652508 /* Pods_EmployeedirectoryTests.framework */ = {isa = PBXFileReference; explicitFileType = wrapper.framework; includeInIndex = 0; path = Pods_EmployeedirectoryTests.framework; sourceTree = BUILT_PRODUCTS_DIR; };
		42B81EBFE51F1710BC904040 /* Pods-Employeedirectory-EmployeedirectoryUITests.release.xcconfig */ = {isa = PBXFileReference; includeInIndex = 1; lastKnownFileType = text.xcconfig; name = "Pods-Employeedirectory-EmployeedirectoryUITests.release.xcconfig"; path = "Target Support Files/Pods-Employeedirectory-EmployeedirectoryUITests/Pods-Employeedirectory-EmployeedirectoryUITests.release.xcconfig"; sourceTree = "<group>"; };
		4908D456E3B1CA6FACA814CA /* Pods-Employeedirectory.release.xcconfig */ = {isa = PBXFileReference; includeInIndex = 1; lastKnownFileType = text.xcconfig; name = "Pods-Employeedirectory.release.xcconfig"; path = "Target Support Files/Pods-Employeedirectory/Pods-Employeedirectory.release.xcconfig"; sourceTree = "<group>"; };
		6AC16E8D992631FF45834389 /* Pods-EmployeedirectoryTests.debug.xcconfig */ = {isa = PBXFileReference; includeInIndex = 1; lastKnownFileType = text.xcconfig; name = "Pods-EmployeedirectoryTests.debug.xcconfig"; path = "Target Support Files/Pods-EmployeedirectoryTests/Pods-EmployeedirectoryTests.debug.xcconfig"; sourceTree = "<group>"; };
		850AC1445EE6E01E8554928D /* Pods-Employeedirectory.debug.xcconfig */ = {isa = PBXFileReference; includeInIndex = 1; lastKnownFileType = text.xcconfig; name = "Pods-Employeedirectory.debug.xcconfig"; path = "Target Support Files/Pods-Employeedirectory/Pods-Employeedirectory.debug.xcconfig"; sourceTree = "<group>"; };
		86A249F0A14B26BEFA603555 /* Pods-EmployeedirectoryTests.release.xcconfig */ = {isa = PBXFileReference; includeInIndex = 1; lastKnownFileType = text.xcconfig; name = "Pods-EmployeedirectoryTests.release.xcconfig"; path = "Target Support Files/Pods-EmployeedirectoryTests/Pods-EmployeedirectoryTests.release.xcconfig"; sourceTree = "<group>"; };
		A17F011FA08F17B5E97DA55F /* Pods_Employeedirectory_EmployeedirectoryUITests.framework */ = {isa = PBXFileReference; explicitFileType = wrapper.framework; includeInIndex = 0; path = Pods_Employeedirectory_EmployeedirectoryUITests.framework; sourceTree = BUILT_PRODUCTS_DIR; };
		D156DB7307687A533124146F /* Pods_Employeedirectory.framework */ = {isa = PBXFileReference; explicitFileType = wrapper.framework; includeInIndex = 0; path = Pods_Employeedirectory.framework; sourceTree = BUILT_PRODUCTS_DIR; };
		DE090E9628F68276005EC33F /* ReadMe.md */ = {isa = PBXFileReference; lastKnownFileType = net.daringfireball.markdown; path = ReadMe.md; sourceTree = "<group>"; };
		DE216BF129026290002A503C /* EmployeeTVCellViewModel.swift */ = {isa = PBXFileReference; fileEncoding = 4; lastKnownFileType = sourcecode.swift; path = EmployeeTVCellViewModel.swift; sourceTree = "<group>"; };
		DE57606A28EE933200488447 /* Employeedirectory.app */ = {isa = PBXFileReference; explicitFileType = wrapper.application; includeInIndex = 0; path = Employeedirectory.app; sourceTree = BUILT_PRODUCTS_DIR; };
		DE57606D28EE933200488447 /* AppDelegate.swift */ = {isa = PBXFileReference; lastKnownFileType = sourcecode.swift; path = AppDelegate.swift; sourceTree = "<group>"; };
		DE57606F28EE933200488447 /* SceneDelegate.swift */ = {isa = PBXFileReference; lastKnownFileType = sourcecode.swift; path = SceneDelegate.swift; sourceTree = "<group>"; };
		DE57607128EE933200488447 /* ViewController.swift */ = {isa = PBXFileReference; lastKnownFileType = sourcecode.swift; path = ViewController.swift; sourceTree = "<group>"; };
		DE57607628EE933500488447 /* Assets.xcassets */ = {isa = PBXFileReference; lastKnownFileType = folder.assetcatalog; path = Assets.xcassets; sourceTree = "<group>"; };
		DE57607928EE933500488447 /* Base */ = {isa = PBXFileReference; lastKnownFileType = file.storyboard; name = Base; path = Base.lproj/LaunchScreen.storyboard; sourceTree = "<group>"; };
		DE57607B28EE933500488447 /* Info.plist */ = {isa = PBXFileReference; lastKnownFileType = text.plist.xml; path = Info.plist; sourceTree = "<group>"; };
		DE57608028EE933600488447 /* EmployeedirectoryTests.xctest */ = {isa = PBXFileReference; explicitFileType = wrapper.cfbundle; includeInIndex = 0; path = EmployeedirectoryTests.xctest; sourceTree = BUILT_PRODUCTS_DIR; };
		DE57608428EE933600488447 /* EmployeedirectoryTests.swift */ = {isa = PBXFileReference; lastKnownFileType = sourcecode.swift; path = EmployeedirectoryTests.swift; sourceTree = "<group>"; };
		DE57608A28EE933600488447 /* EmployeedirectoryUITests.xctest */ = {isa = PBXFileReference; explicitFileType = wrapper.cfbundle; includeInIndex = 0; path = EmployeedirectoryUITests.xctest; sourceTree = BUILT_PRODUCTS_DIR; };
		DE57608E28EE933600488447 /* EmployeedirectoryUITests.swift */ = {isa = PBXFileReference; lastKnownFileType = sourcecode.swift; path = EmployeedirectoryUITests.swift; sourceTree = "<group>"; };
		DE57609028EE933600488447 /* EmployeedirectoryUITestsLaunchTests.swift */ = {isa = PBXFileReference; lastKnownFileType = sourcecode.swift; path = EmployeedirectoryUITestsLaunchTests.swift; sourceTree = "<group>"; };
		DE57609E28EE936B00488447 /* EmployeeData.swift */ = {isa = PBXFileReference; lastKnownFileType = sourcecode.swift; path = EmployeeData.swift; sourceTree = "<group>"; };
		DE5760A128EE964800488447 /* NetworkService.swift */ = {isa = PBXFileReference; lastKnownFileType = sourcecode.swift; path = NetworkService.swift; sourceTree = "<group>"; };
		DE5760A628EEAD3F00488447 /* EmployeeTableViewCell.swift */ = {isa = PBXFileReference; lastKnownFileType = sourcecode.swift; path = EmployeeTableViewCell.swift; sourceTree = "<group>"; };
		DE5760A928EEC53D00488447 /* Extentions.swift */ = {isa = PBXFileReference; lastKnownFileType = sourcecode.swift; path = Extentions.swift; sourceTree = "<group>"; };
		DE5760AC28EECDC600488447 /* EmployeeViewModel.swift */ = {isa = PBXFileReference; lastKnownFileType = sourcecode.swift; path = EmployeeViewModel.swift; sourceTree = "<group>"; };
/* End PBXFileReference section */

/* Begin PBXFrameworksBuildPhase section */
		DE57606728EE933200488447 /* Frameworks */ = {
			isa = PBXFrameworksBuildPhase;
			buildActionMask = 2147483647;
			files = (
				07AE612ABE4A0CA5C7F02C74 /* Pods_Employeedirectory.framework in Frameworks */,
			);
			runOnlyForDeploymentPostprocessing = 0;
		};
		DE57607D28EE933600488447 /* Frameworks */ = {
			isa = PBXFrameworksBuildPhase;
			buildActionMask = 2147483647;
			files = (
				7DBE8A45A3C25D2CE12C44CC /* Pods_EmployeedirectoryTests.framework in Frameworks */,
			);
			runOnlyForDeploymentPostprocessing = 0;
		};
		DE57608728EE933600488447 /* Frameworks */ = {
			isa = PBXFrameworksBuildPhase;
			buildActionMask = 2147483647;
			files = (
				A46BEA394CA218A44E44BBCA /* Pods_Employeedirectory_EmployeedirectoryUITests.framework in Frameworks */,
			);
			runOnlyForDeploymentPostprocessing = 0;
		};
/* End PBXFrameworksBuildPhase section */

/* Begin PBXGroup section */
		DE57606128EE933200488447 = {
			isa = PBXGroup;
			children = (
				DE57606C28EE933200488447 /* Employeedirectory */,
				DE57608328EE933600488447 /* EmployeedirectoryTests */,
				DE57608D28EE933600488447 /* EmployeedirectoryUITests */,
				DE57606B28EE933200488447 /* Products */,
				E7C8A9EA9A822F609A65BA12 /* Pods */,
				FE8CEC7C61D78FE204202F89 /* Frameworks */,
			);
			sourceTree = "<group>";
		};
		DE57606B28EE933200488447 /* Products */ = {
			isa = PBXGroup;
			children = (
				DE57606A28EE933200488447 /* Employeedirectory.app */,
				DE57608028EE933600488447 /* EmployeedirectoryTests.xctest */,
				DE57608A28EE933600488447 /* EmployeedirectoryUITests.xctest */,
			);
			name = Products;
			sourceTree = "<group>";
		};
		DE57606C28EE933200488447 /* Employeedirectory */ = {
			isa = PBXGroup;
			children = (
				DE57606D28EE933200488447 /* AppDelegate.swift */,
				DE57606F28EE933200488447 /* SceneDelegate.swift */,
				DE57607128EE933200488447 /* ViewController.swift */,
				DE5760A328EEACB500488447 /* View */,
				DE57609D28EE934F00488447 /* Model */,
				DE5760AB28EECDA600488447 /* View Model */,
				DE5760A028EE962800488447 /* Service */,
				DE5760A828EEC52100488447 /* Extentions */,
				DE57607628EE933500488447 /* Assets.xcassets */,
				DE57607828EE933500488447 /* LaunchScreen.storyboard */,
				DE57607B28EE933500488447 /* Info.plist */,
				DE090E9628F68276005EC33F /* ReadMe.md */,
			);
			path = Employeedirectory;
			sourceTree = "<group>";
		};
		DE57608328EE933600488447 /* EmployeedirectoryTests */ = {
			isa = PBXGroup;
			children = (
				DE57608428EE933600488447 /* EmployeedirectoryTests.swift */,
			);
			path = EmployeedirectoryTests;
			sourceTree = "<group>";
		};
		DE57608D28EE933600488447 /* EmployeedirectoryUITests */ = {
			isa = PBXGroup;
			children = (
				DE57608E28EE933600488447 /* EmployeedirectoryUITests.swift */,
				DE57609028EE933600488447 /* EmployeedirectoryUITestsLaunchTests.swift */,
			);
			path = EmployeedirectoryUITests;
			sourceTree = "<group>";
		};
		DE57609D28EE934F00488447 /* Model */ = {
			isa = PBXGroup;
			children = (
				DE57609E28EE936B00488447 /* EmployeeData.swift */,
			);
			path = Model;
			sourceTree = "<group>";
		};
		DE5760A028EE962800488447 /* Service */ = {
			isa = PBXGroup;
			children = (
				DE5760A128EE964800488447 /* NetworkService.swift */,
			);
			path = Service;
			sourceTree = "<group>";
		};
		DE5760A328EEACB500488447 /* View */ = {
			isa = PBXGroup;
			children = (
				DE5760A628EEAD3F00488447 /* EmployeeTableViewCell.swift */,
			);
			path = View;
			sourceTree = "<group>";
		};
		DE5760A828EEC52100488447 /* Extentions */ = {
			isa = PBXGroup;
			children = (
				DE5760A928EEC53D00488447 /* Extentions.swift */,
			);
			path = Extentions;
			sourceTree = "<group>";
		};
		DE5760AB28EECDA600488447 /* View Model */ = {
			isa = PBXGroup;
			children = (
				DE5760AC28EECDC600488447 /* EmployeeViewModel.swift */,
				DE216BF129026290002A503C /* EmployeeTVCellViewModel.swift */,
			);
			path = "View Model";
			sourceTree = "<group>";
		};
		E7C8A9EA9A822F609A65BA12 /* Pods */ = {
			isa = PBXGroup;
			children = (
				850AC1445EE6E01E8554928D /* Pods-Employeedirectory.debug.xcconfig */,
				4908D456E3B1CA6FACA814CA /* Pods-Employeedirectory.release.xcconfig */,
				39D35B873685055CBCBBBD42 /* Pods-Employeedirectory-EmployeedirectoryUITests.debug.xcconfig */,
				42B81EBFE51F1710BC904040 /* Pods-Employeedirectory-EmployeedirectoryUITests.release.xcconfig */,
				6AC16E8D992631FF45834389 /* Pods-EmployeedirectoryTests.debug.xcconfig */,
				86A249F0A14B26BEFA603555 /* Pods-EmployeedirectoryTests.release.xcconfig */,
			);
			path = Pods;
			sourceTree = "<group>";
		};
		FE8CEC7C61D78FE204202F89 /* Frameworks */ = {
			isa = PBXGroup;
			children = (
				D156DB7307687A533124146F /* Pods_Employeedirectory.framework */,
				A17F011FA08F17B5E97DA55F /* Pods_Employeedirectory_EmployeedirectoryUITests.framework */,
				3E6302EE04A8887534652508 /* Pods_EmployeedirectoryTests.framework */,
			);
			name = Frameworks;
			sourceTree = "<group>";
		};
/* End PBXGroup section */

/* Begin PBXNativeTarget section */
		DE57606928EE933200488447 /* Employeedirectory */ = {
			isa = PBXNativeTarget;
			buildConfigurationList = DE57609428EE933600488447 /* Build configuration list for PBXNativeTarget "Employeedirectory" */;
			buildPhases = (
				DC2437C4688438FD64913EF1 /* [CP] Check Pods Manifest.lock */,
				DE57606628EE933200488447 /* Sources */,
				DE57606728EE933200488447 /* Frameworks */,
				DE57606828EE933200488447 /* Resources */,
				923EE0A3CB3530305C1350B4 /* [CP] Embed Pods Frameworks */,
			);
			buildRules = (
			);
			dependencies = (
			);
			name = Employeedirectory;
			productName = Employeedirectory;
			productReference = DE57606A28EE933200488447 /* Employeedirectory.app */;
			productType = "com.apple.product-type.application";
		};
		DE57607F28EE933600488447 /* EmployeedirectoryTests */ = {
			isa = PBXNativeTarget;
			buildConfigurationList = DE57609728EE933600488447 /* Build configuration list for PBXNativeTarget "EmployeedirectoryTests" */;
			buildPhases = (
				F09EBBF58E9EAC5BB61C00A8 /* [CP] Check Pods Manifest.lock */,
				DE57607C28EE933600488447 /* Sources */,
				DE57607D28EE933600488447 /* Frameworks */,
				DE57607E28EE933600488447 /* Resources */,
			);
			buildRules = (
			);
			dependencies = (
				DE57608228EE933600488447 /* PBXTargetDependency */,
			);
			name = EmployeedirectoryTests;
			productName = EmployeedirectoryTests;
			productReference = DE57608028EE933600488447 /* EmployeedirectoryTests.xctest */;
			productType = "com.apple.product-type.bundle.unit-test";
		};
		DE57608928EE933600488447 /* EmployeedirectoryUITests */ = {
			isa = PBXNativeTarget;
			buildConfigurationList = DE57609A28EE933600488447 /* Build configuration list for PBXNativeTarget "EmployeedirectoryUITests" */;
			buildPhases = (
				0584FA528878DE4AE87C82C8 /* [CP] Check Pods Manifest.lock */,
				DE57608628EE933600488447 /* Sources */,
				DE57608728EE933600488447 /* Frameworks */,
				DE57608828EE933600488447 /* Resources */,
				76426B41D1557B8115B5EA02 /* [CP] Embed Pods Frameworks */,
			);
			buildRules = (
			);
			dependencies = (
				DE57608C28EE933600488447 /* PBXTargetDependency */,
			);
			name = EmployeedirectoryUITests;
			productName = EmployeedirectoryUITests;
			productReference = DE57608A28EE933600488447 /* EmployeedirectoryUITests.xctest */;
			productType = "com.apple.product-type.bundle.ui-testing";
		};
/* End PBXNativeTarget section */

/* Begin PBXProject section */
		DE57606228EE933200488447 /* Project object */ = {
			isa = PBXProject;
			attributes = {
				BuildIndependentTargetsInParallel = 1;
				LastSwiftUpdateCheck = 1320;
				LastUpgradeCheck = 1320;
				TargetAttributes = {
					DE57606928EE933200488447 = {
						CreatedOnToolsVersion = 13.2;
					};
					DE57607F28EE933600488447 = {
						CreatedOnToolsVersion = 13.2;
						TestTargetID = DE57606928EE933200488447;
					};
					DE57608928EE933600488447 = {
						CreatedOnToolsVersion = 13.2;
						TestTargetID = DE57606928EE933200488447;
					};
				};
			};
			buildConfigurationList = DE57606528EE933200488447 /* Build configuration list for PBXProject "Employeedirectory" */;
			compatibilityVersion = "Xcode 13.0";
			developmentRegion = en;
			hasScannedForEncodings = 0;
			knownRegions = (
				en,
				Base,
			);
			mainGroup = DE57606128EE933200488447;
			productRefGroup = DE57606B28EE933200488447 /* Products */;
			projectDirPath = "";
			projectRoot = "";
			targets = (
				DE57606928EE933200488447 /* Employeedirectory */,
				DE57607F28EE933600488447 /* EmployeedirectoryTests */,
				DE57608928EE933600488447 /* EmployeedirectoryUITests */,
			);
		};
/* End PBXProject section */

/* Begin PBXResourcesBuildPhase section */
		DE57606828EE933200488447 /* Resources */ = {
			isa = PBXResourcesBuildPhase;
			buildActionMask = 2147483647;
			files = (
				DE57607A28EE933500488447 /* LaunchScreen.storyboard in Resources */,
				DE57607728EE933500488447 /* Assets.xcassets in Resources */,
				DE090E9728F68276005EC33F /* ReadMe.md in Resources */,
			);
			runOnlyForDeploymentPostprocessing = 0;
		};
		DE57607E28EE933600488447 /* Resources */ = {
			isa = PBXResourcesBuildPhase;
			buildActionMask = 2147483647;
			files = (
			);
			runOnlyForDeploymentPostprocessing = 0;
		};
		DE57608828EE933600488447 /* Resources */ = {
			isa = PBXResourcesBuildPhase;
			buildActionMask = 2147483647;
			files = (
			);
			runOnlyForDeploymentPostprocessing = 0;
		};
/* End PBXResourcesBuildPhase section */

/* Begin PBXShellScriptBuildPhase section */
		0584FA528878DE4AE87C82C8 /* [CP] Check Pods Manifest.lock */ = {
			isa = PBXShellScriptBuildPhase;
			buildActionMask = 2147483647;
			files = (
			);
			inputFileListPaths = (
			);
			inputPaths = (
				"${PODS_PODFILE_DIR_PATH}/Podfile.lock",
				"${PODS_ROOT}/Manifest.lock",
			);
			name = "[CP] Check Pods Manifest.lock";
			outputFileListPaths = (
			);
			outputPaths = (
				"$(DERIVED_FILE_DIR)/Pods-Employeedirectory-EmployeedirectoryUITests-checkManifestLockResult.txt",
			);
			runOnlyForDeploymentPostprocessing = 0;
			shellPath = /bin/sh;
			shellScript = "diff \"${PODS_PODFILE_DIR_PATH}/Podfile.lock\" \"${PODS_ROOT}/Manifest.lock\" > /dev/null\nif [ $? != 0 ] ; then\n    # print error to STDERR\n    echo \"error: The sandbox is not in sync with the Podfile.lock. Run 'pod install' or update your CocoaPods installation.\" >&2\n    exit 1\nfi\n# This output is used by Xcode 'outputs' to avoid re-running this script phase.\necho \"SUCCESS\" > \"${SCRIPT_OUTPUT_FILE_0}\"\n";
			showEnvVarsInLog = 0;
		};
		76426B41D1557B8115B5EA02 /* [CP] Embed Pods Frameworks */ = {
			isa = PBXShellScriptBuildPhase;
			buildActionMask = 2147483647;
			files = (
			);
			inputFileListPaths = (
				"${PODS_ROOT}/Target Support Files/Pods-Employeedirectory-EmployeedirectoryUITests/Pods-Employeedirectory-EmployeedirectoryUITests-frameworks-${CONFIGURATION}-input-files.xcfilelist",
			);
			name = "[CP] Embed Pods Frameworks";
			outputFileListPaths = (
				"${PODS_ROOT}/Target Support Files/Pods-Employeedirectory-EmployeedirectoryUITests/Pods-Employeedirectory-EmployeedirectoryUITests-frameworks-${CONFIGURATION}-output-files.xcfilelist",
			);
			runOnlyForDeploymentPostprocessing = 0;
			shellPath = /bin/sh;
			shellScript = "\"${PODS_ROOT}/Target Support Files/Pods-Employeedirectory-EmployeedirectoryUITests/Pods-Employeedirectory-EmployeedirectoryUITests-frameworks.sh\"\n";
			showEnvVarsInLog = 0;
		};
		923EE0A3CB3530305C1350B4 /* [CP] Embed Pods Frameworks */ = {
			isa = PBXShellScriptBuildPhase;
			buildActionMask = 2147483647;
			files = (
			);
			inputFileListPaths = (
				"${PODS_ROOT}/Target Support Files/Pods-Employeedirectory/Pods-Employeedirectory-frameworks-${CONFIGURATION}-input-files.xcfilelist",
			);
			name = "[CP] Embed Pods Frameworks";
			outputFileListPaths = (
				"${PODS_ROOT}/Target Support Files/Pods-Employeedirectory/Pods-Employeedirectory-frameworks-${CONFIGURATION}-output-files.xcfilelist",
			);
			runOnlyForDeploymentPostprocessing = 0;
			shellPath = /bin/sh;
			shellScript = "\"${PODS_ROOT}/Target Support Files/Pods-Employeedirectory/Pods-Employeedirectory-frameworks.sh\"\n";
			showEnvVarsInLog = 0;
		};
		DC2437C4688438FD64913EF1 /* [CP] Check Pods Manifest.lock */ = {
			isa = PBXShellScriptBuildPhase;
			buildActionMask = 2147483647;
			files = (
			);
			inputFileListPaths = (
			);
			inputPaths = (
				"${PODS_PODFILE_DIR_PATH}/Podfile.lock",
				"${PODS_ROOT}/Manifest.lock",
			);
			name = "[CP] Check Pods Manifest.lock";
			outputFileListPaths = (
			);
			outputPaths = (
				"$(DERIVED_FILE_DIR)/Pods-Employeedirectory-checkManifestLockResult.txt",
			);
			runOnlyForDeploymentPostprocessing = 0;
			shellPath = /bin/sh;
			shellScript = "diff \"${PODS_PODFILE_DIR_PATH}/Podfile.lock\" \"${PODS_ROOT}/Manifest.lock\" > /dev/null\nif [ $? != 0 ] ; then\n    # print error to STDERR\n    echo \"error: The sandbox is not in sync with the Podfile.lock. Run 'pod install' or update your CocoaPods installation.\" >&2\n    exit 1\nfi\n# This output is used by Xcode 'outputs' to avoid re-running this script phase.\necho \"SUCCESS\" > \"${SCRIPT_OUTPUT_FILE_0}\"\n";
			showEnvVarsInLog = 0;
		};
		F09EBBF58E9EAC5BB61C00A8 /* [CP] Check Pods Manifest.lock */ = {
			isa = PBXShellScriptBuildPhase;
			buildActionMask = 2147483647;
			files = (
			);
			inputFileListPaths = (
			);
			inputPaths = (
				"${PODS_PODFILE_DIR_PATH}/Podfile.lock",
				"${PODS_ROOT}/Manifest.lock",
			);
			name = "[CP] Check Pods Manifest.lock";
			outputFileListPaths = (
			);
			outputPaths = (
				"$(DERIVED_FILE_DIR)/Pods-EmployeedirectoryTests-checkManifestLockResult.txt",
			);
			runOnlyForDeploymentPostprocessing = 0;
			shellPath = /bin/sh;
			shellScript = "diff \"${PODS_PODFILE_DIR_PATH}/Podfile.lock\" \"${PODS_ROOT}/Manifest.lock\" > /dev/null\nif [ $? != 0 ] ; then\n    # print error to STDERR\n    echo \"error: The sandbox is not in sync with the Podfile.lock. Run 'pod install' or update your CocoaPods installation.\" >&2\n    exit 1\nfi\n# This output is used by Xcode 'outputs' to avoid re-running this script phase.\necho \"SUCCESS\" > \"${SCRIPT_OUTPUT_FILE_0}\"\n";
			showEnvVarsInLog = 0;
		};
/* End PBXShellScriptBuildPhase section */

/* Begin PBXSourcesBuildPhase section */
		DE57606628EE933200488447 /* Sources */ = {
			isa = PBXSourcesBuildPhase;
			buildActionMask = 2147483647;
			files = (
				DE5760A228EE964800488447 /* NetworkService.swift in Sources */,
				DE5760A728EEAD3F00488447 /* EmployeeTableViewCell.swift in Sources */,
				DE57607228EE933200488447 /* ViewController.swift in Sources */,
				DE216BF229026290002A503C /* EmployeeTVCellViewModel.swift in Sources */,
				DE57606E28EE933200488447 /* AppDelegate.swift in Sources */,
				DE5760AD28EECDC600488447 /* EmployeeViewModel.swift in Sources */,
				DE57607028EE933200488447 /* SceneDelegate.swift in Sources */,
				DE57609F28EE936B00488447 /* EmployeeData.swift in Sources */,
				DE5760AA28EEC53D00488447 /* Extentions.swift in Sources */,
			);
			runOnlyForDeploymentPostprocessing = 0;
		};
		DE57607C28EE933600488447 /* Sources */ = {
			isa = PBXSourcesBuildPhase;
			buildActionMask = 2147483647;
			files = (
				DE57608528EE933600488447 /* EmployeedirectoryTests.swift in Sources */,
			);
			runOnlyForDeploymentPostprocessing = 0;
		};
		DE57608628EE933600488447 /* Sources */ = {
			isa = PBXSourcesBuildPhase;
			buildActionMask = 2147483647;
			files = (
				DE57609128EE933600488447 /* EmployeedirectoryUITestsLaunchTests.swift in Sources */,
				DE57608F28EE933600488447 /* EmployeedirectoryUITests.swift in Sources */,
			);
			runOnlyForDeploymentPostprocessing = 0;
		};
/* End PBXSourcesBuildPhase section */

/* Begin PBXTargetDependency section */
		DE57608228EE933600488447 /* PBXTargetDependency */ = {
			isa = PBXTargetDependency;
			target = DE57606928EE933200488447 /* Employeedirectory */;
			targetProxy = DE57608128EE933600488447 /* PBXContainerItemProxy */;
		};
		DE57608C28EE933600488447 /* PBXTargetDependency */ = {
			isa = PBXTargetDependency;
			target = DE57606928EE933200488447 /* Employeedirectory */;
			targetProxy = DE57608B28EE933600488447 /* PBXContainerItemProxy */;
		};
/* End PBXTargetDependency section */

/* Begin PBXVariantGroup section */
		DE57607828EE933500488447 /* LaunchScreen.storyboard */ = {
			isa = PBXVariantGroup;
			children = (
				DE57607928EE933500488447 /* Base */,
			);
			name = LaunchScreen.storyboard;
			sourceTree = "<group>";
		};
/* End PBXVariantGroup section */

/* Begin XCBuildConfiguration section */
		DE57609228EE933600488447 /* Debug */ = {
			isa = XCBuildConfiguration;
			buildSettings = {
				ALWAYS_SEARCH_USER_PATHS = NO;
				CLANG_ANALYZER_NONNULL = YES;
				CLANG_ANALYZER_NUMBER_OBJECT_CONVERSION = YES_AGGRESSIVE;
				CLANG_CXX_LANGUAGE_STANDARD = "gnu++17";
				CLANG_CXX_LIBRARY = "libc++";
				CLANG_ENABLE_MODULES = YES;
				CLANG_ENABLE_OBJC_ARC = YES;
				CLANG_ENABLE_OBJC_WEAK = YES;
				CLANG_WARN_BLOCK_CAPTURE_AUTORELEASING = YES;
				CLANG_WARN_BOOL_CONVERSION = YES;
				CLANG_WARN_COMMA = YES;
				CLANG_WARN_CONSTANT_CONVERSION = YES;
				CLANG_WARN_DEPRECATED_OBJC_IMPLEMENTATIONS = YES;
				CLANG_WARN_DIRECT_OBJC_ISA_USAGE = YES_ERROR;
				CLANG_WARN_DOCUMENTATION_COMMENTS = YES;
				CLANG_WARN_EMPTY_BODY = YES;
				CLANG_WARN_ENUM_CONVERSION = YES;
				CLANG_WARN_INFINITE_RECURSION = YES;
				CLANG_WARN_INT_CONVERSION = YES;
				CLANG_WARN_NON_LITERAL_NULL_CONVERSION = YES;
				CLANG_WARN_OBJC_IMPLICIT_RETAIN_SELF = YES;
				CLANG_WARN_OBJC_LITERAL_CONVERSION = YES;
				CLANG_WARN_OBJC_ROOT_CLASS = YES_ERROR;
				CLANG_WARN_QUOTED_INCLUDE_IN_FRAMEWORK_HEADER = YES;
				CLANG_WARN_RANGE_LOOP_ANALYSIS = YES;
				CLANG_WARN_STRICT_PROTOTYPES = YES;
				CLANG_WARN_SUSPICIOUS_MOVE = YES;
				CLANG_WARN_UNGUARDED_AVAILABILITY = YES_AGGRESSIVE;
				CLANG_WARN_UNREACHABLE_CODE = YES;
				CLANG_WARN__DUPLICATE_METHOD_MATCH = YES;
				COPY_PHASE_STRIP = NO;
				DEBUG_INFORMATION_FORMAT = dwarf;
				ENABLE_STRICT_OBJC_MSGSEND = YES;
				ENABLE_TESTABILITY = YES;
				GCC_C_LANGUAGE_STANDARD = gnu11;
				GCC_DYNAMIC_NO_PIC = NO;
				GCC_NO_COMMON_BLOCKS = YES;
				GCC_OPTIMIZATION_LEVEL = 0;
				GCC_PREPROCESSOR_DEFINITIONS = (
					"DEBUG=1",
					"$(inherited)",
				);
				GCC_WARN_64_TO_32_BIT_CONVERSION = YES;
				GCC_WARN_ABOUT_RETURN_TYPE = YES_ERROR;
				GCC_WARN_UNDECLARED_SELECTOR = YES;
				GCC_WARN_UNINITIALIZED_AUTOS = YES_AGGRESSIVE;
				GCC_WARN_UNUSED_FUNCTION = YES;
				GCC_WARN_UNUSED_VARIABLE = YES;
				IPHONEOS_DEPLOYMENT_TARGET = 14.0;
				MTL_ENABLE_DEBUG_INFO = INCLUDE_SOURCE;
				MTL_FAST_MATH = YES;
				ONLY_ACTIVE_ARCH = YES;
				SDKROOT = iphoneos;
				SWIFT_ACTIVE_COMPILATION_CONDITIONS = DEBUG;
				SWIFT_OPTIMIZATION_LEVEL = "-Onone";
			};
			name = Debug;
		};
		DE57609328EE933600488447 /* Release */ = {
			isa = XCBuildConfiguration;
			buildSettings = {
				ALWAYS_SEARCH_USER_PATHS = NO;
				CLANG_ANALYZER_NONNULL = YES;
				CLANG_ANALYZER_NUMBER_OBJECT_CONVERSION = YES_AGGRESSIVE;
				CLANG_CXX_LANGUAGE_STANDARD = "gnu++17";
				CLANG_CXX_LIBRARY = "libc++";
				CLANG_ENABLE_MODULES = YES;
				CLANG_ENABLE_OBJC_ARC = YES;
				CLANG_ENABLE_OBJC_WEAK = YES;
				CLANG_WARN_BLOCK_CAPTURE_AUTORELEASING = YES;
				CLANG_WARN_BOOL_CONVERSION = YES;
				CLANG_WARN_COMMA = YES;
				CLANG_WARN_CONSTANT_CONVERSION = YES;
				CLANG_WARN_DEPRECATED_OBJC_IMPLEMENTATIONS = YES;
				CLANG_WARN_DIRECT_OBJC_ISA_USAGE = YES_ERROR;
				CLANG_WARN_DOCUMENTATION_COMMENTS = YES;
				CLANG_WARN_EMPTY_BODY = YES;
				CLANG_WARN_ENUM_CONVERSION = YES;
				CLANG_WARN_INFINITE_RECURSION = YES;
				CLANG_WARN_INT_CONVERSION = YES;
				CLANG_WARN_NON_LITERAL_NULL_CONVERSION = YES;
				CLANG_WARN_OBJC_IMPLICIT_RETAIN_SELF = YES;
				CLANG_WARN_OBJC_LITERAL_CONVERSION = YES;
				CLANG_WARN_OBJC_ROOT_CLASS = YES_ERROR;
				CLANG_WARN_QUOTED_INCLUDE_IN_FRAMEWORK_HEADER = YES;
				CLANG_WARN_RANGE_LOOP_ANALYSIS = YES;
				CLANG_WARN_STRICT_PROTOTYPES = YES;
				CLANG_WARN_SUSPICIOUS_MOVE = YES;
				CLANG_WARN_UNGUARDED_AVAILABILITY = YES_AGGRESSIVE;
				CLANG_WARN_UNREACHABLE_CODE = YES;
				CLANG_WARN__DUPLICATE_METHOD_MATCH = YES;
				COPY_PHASE_STRIP = NO;
				DEBUG_INFORMATION_FORMAT = "dwarf-with-dsym";
				ENABLE_NS_ASSERTIONS = NO;
				ENABLE_STRICT_OBJC_MSGSEND = YES;
				GCC_C_LANGUAGE_STANDARD = gnu11;
				GCC_NO_COMMON_BLOCKS = YES;
				GCC_WARN_64_TO_32_BIT_CONVERSION = YES;
				GCC_WARN_ABOUT_RETURN_TYPE = YES_ERROR;
				GCC_WARN_UNDECLARED_SELECTOR = YES;
				GCC_WARN_UNINITIALIZED_AUTOS = YES_AGGRESSIVE;
				GCC_WARN_UNUSED_FUNCTION = YES;
				GCC_WARN_UNUSED_VARIABLE = YES;
				IPHONEOS_DEPLOYMENT_TARGET = 14.0;
				MTL_ENABLE_DEBUG_INFO = NO;
				MTL_FAST_MATH = YES;
				SDKROOT = iphoneos;
				SWIFT_COMPILATION_MODE = wholemodule;
				SWIFT_OPTIMIZATION_LEVEL = "-O";
				VALIDATE_PRODUCT = YES;
			};
			name = Release;
		};
		DE57609528EE933600488447 /* Debug */ = {
			isa = XCBuildConfiguration;
			baseConfigurationReference = 850AC1445EE6E01E8554928D /* Pods-Employeedirectory.debug.xcconfig */;
			buildSettings = {
				ASSETCATALOG_COMPILER_APPICON_NAME = AppIcon;
				ASSETCATALOG_COMPILER_GLOBAL_ACCENT_COLOR_NAME = AccentColor;
				CODE_SIGN_STYLE = Automatic;
				CURRENT_PROJECT_VERSION = 1;
				DEVELOPMENT_TEAM = ZMH49XSP68;
				GENERATE_INFOPLIST_FILE = YES;
				INFOPLIST_FILE = Employeedirectory/Info.plist;
				INFOPLIST_KEY_UIApplicationSupportsIndirectInputEvents = YES;
				INFOPLIST_KEY_UILaunchStoryboardName = LaunchScreen;
				INFOPLIST_KEY_UISupportedInterfaceOrientations_iPad = "UIInterfaceOrientationPortrait UIInterfaceOrientationPortraitUpsideDown UIInterfaceOrientationLandscapeLeft UIInterfaceOrientationLandscapeRight";
				INFOPLIST_KEY_UISupportedInterfaceOrientations_iPhone = "UIInterfaceOrientationPortrait UIInterfaceOrientationLandscapeLeft UIInterfaceOrientationLandscapeRight";
				IPHONEOS_DEPLOYMENT_TARGET = 14.0;
				LD_RUNPATH_SEARCH_PATHS = (
					"$(inherited)",
					"@executable_path/Frameworks",
				);
				MARKETING_VERSION = 1.0;
				PRODUCT_BUNDLE_IDENTIFIER = Square.Employeedirectory;
				PRODUCT_NAME = "$(TARGET_NAME)";
				SWIFT_EMIT_LOC_STRINGS = YES;
				SWIFT_VERSION = 5.0;
				TARGETED_DEVICE_FAMILY = "1,2";
				TVOS_DEPLOYMENT_TARGET = 14.0;
			};
			name = Debug;
		};
		DE57609628EE933600488447 /* Release */ = {
			isa = XCBuildConfiguration;
			baseConfigurationReference = 4908D456E3B1CA6FACA814CA /* Pods-Employeedirectory.release.xcconfig */;
			buildSettings = {
				ASSETCATALOG_COMPILER_APPICON_NAME = AppIcon;
				ASSETCATALOG_COMPILER_GLOBAL_ACCENT_COLOR_NAME = AccentColor;
				CODE_SIGN_STYLE = Automatic;
				CURRENT_PROJECT_VERSION = 1;
				DEVELOPMENT_TEAM = ZMH49XSP68;
				GENERATE_INFOPLIST_FILE = YES;
				INFOPLIST_FILE = Employeedirectory/Info.plist;
				INFOPLIST_KEY_UIApplicationSupportsIndirectInputEvents = YES;
				INFOPLIST_KEY_UILaunchStoryboardName = LaunchScreen;
				INFOPLIST_KEY_UISupportedInterfaceOrientations_iPad = "UIInterfaceOrientationPortrait UIInterfaceOrientationPortraitUpsideDown UIInterfaceOrientationLandscapeLeft UIInterfaceOrientationLandscapeRight";
				INFOPLIST_KEY_UISupportedInterfaceOrientations_iPhone = "UIInterfaceOrientationPortrait UIInterfaceOrientationLandscapeLeft UIInterfaceOrientationLandscapeRight";
				IPHONEOS_DEPLOYMENT_TARGET = 14.0;
				LD_RUNPATH_SEARCH_PATHS = (
					"$(inherited)",
					"@executable_path/Frameworks",
				);
				MARKETING_VERSION = 1.0;
				PRODUCT_BUNDLE_IDENTIFIER = Square.Employeedirectory;
				PRODUCT_NAME = "$(TARGET_NAME)";
				SWIFT_EMIT_LOC_STRINGS = YES;
				SWIFT_VERSION = 5.0;
				TARGETED_DEVICE_FAMILY = "1,2";
				TVOS_DEPLOYMENT_TARGET = 14.0;
			};
			name = Release;
		};
		DE57609828EE933600488447 /* Debug */ = {
			isa = XCBuildConfiguration;
			baseConfigurationReference = 6AC16E8D992631FF45834389 /* Pods-EmployeedirectoryTests.debug.xcconfig */;
			buildSettings = {
				ALWAYS_EMBED_SWIFT_STANDARD_LIBRARIES = YES;
				BUNDLE_LOADER = "$(TEST_HOST)";
				CODE_SIGN_STYLE = Automatic;
				CURRENT_PROJECT_VERSION = 1;
				DEVELOPMENT_TEAM = ZMH49XSP68;
				GENERATE_INFOPLIST_FILE = YES;
				IPHONEOS_DEPLOYMENT_TARGET = 15.2;
				MARKETING_VERSION = 1.0;
				PRODUCT_BUNDLE_IDENTIFIER = Square.EmployeedirectoryTests;
				PRODUCT_NAME = "$(TARGET_NAME)";
				SWIFT_EMIT_LOC_STRINGS = NO;
				SWIFT_VERSION = 5.0;
				TARGETED_DEVICE_FAMILY = "1,2";
				TEST_HOST = "$(BUILT_PRODUCTS_DIR)/Employeedirectory.app/Employeedirectory";
			};
			name = Debug;
		};
		DE57609928EE933600488447 /* Release */ = {
			isa = XCBuildConfiguration;
			baseConfigurationReference = 86A249F0A14B26BEFA603555 /* Pods-EmployeedirectoryTests.release.xcconfig */;
			buildSettings = {
				ALWAYS_EMBED_SWIFT_STANDARD_LIBRARIES = YES;
				BUNDLE_LOADER = "$(TEST_HOST)";
				CODE_SIGN_STYLE = Automatic;
				CURRENT_PROJECT_VERSION = 1;
				DEVELOPMENT_TEAM = ZMH49XSP68;
				GENERATE_INFOPLIST_FILE = YES;
				IPHONEOS_DEPLOYMENT_TARGET = 15.2;
				MARKETING_VERSION = 1.0;
				PRODUCT_BUNDLE_IDENTIFIER = Square.EmployeedirectoryTests;
				PRODUCT_NAME = "$(TARGET_NAME)";
				SWIFT_EMIT_LOC_STRINGS = NO;
				SWIFT_VERSION = 5.0;
				TARGETED_DEVICE_FAMILY = "1,2";
				TEST_HOST = "$(BUILT_PRODUCTS_DIR)/Employeedirectory.app/Employeedirectory";
			};
			name = Release;
		};
		DE57609B28EE933600488447 /* Debug */ = {
			isa = XCBuildConfiguration;
			baseConfigurationReference = 39D35B873685055CBCBBBD42 /* Pods-Employeedirectory-EmployeedirectoryUITests.debug.xcconfig */;
			buildSettings = {
				ALWAYS_EMBED_SWIFT_STANDARD_LIBRARIES = YES;
				CODE_SIGN_STYLE = Automatic;
				CURRENT_PROJECT_VERSION = 1;
				DEVELOPMENT_TEAM = ZMH49XSP68;
				GENERATE_INFOPLIST_FILE = YES;
				MARKETING_VERSION = 1.0;
				PRODUCT_BUNDLE_IDENTIFIER = Square.EmployeedirectoryUITests;
				PRODUCT_NAME = "$(TARGET_NAME)";
				SWIFT_EMIT_LOC_STRINGS = NO;
				SWIFT_VERSION = 5.0;
				TARGETED_DEVICE_FAMILY = "1,2";
				TEST_TARGET_NAME = Employeedirectory;
			};
			name = Debug;
		};
		DE57609C28EE933600488447 /* Release */ = {
			isa = XCBuildConfiguration;
			baseConfigurationReference = 42B81EBFE51F1710BC904040 /* Pods-Employeedirectory-EmployeedirectoryUITests.release.xcconfig */;
			buildSettings = {
				ALWAYS_EMBED_SWIFT_STANDARD_LIBRARIES = YES;
				CODE_SIGN_STYLE = Automatic;
				CURRENT_PROJECT_VERSION = 1;
				DEVELOPMENT_TEAM = ZMH49XSP68;
				GENERATE_INFOPLIST_FILE = YES;
				MARKETING_VERSION = 1.0;
				PRODUCT_BUNDLE_IDENTIFIER = Square.EmployeedirectoryUITests;
				PRODUCT_NAME = "$(TARGET_NAME)";
				SWIFT_EMIT_LOC_STRINGS = NO;
				SWIFT_VERSION = 5.0;
				TARGETED_DEVICE_FAMILY = "1,2";
				TEST_TARGET_NAME = Employeedirectory;
			};
			name = Release;
		};
/* End XCBuildConfiguration section */

/* Begin XCConfigurationList section */
		DE57606528EE933200488447 /* Build configuration list for PBXProject "Employeedirectory" */ = {
			isa = XCConfigurationList;
			buildConfigurations = (
				DE57609228EE933600488447 /* Debug */,
				DE57609328EE933600488447 /* Release */,
			);
			defaultConfigurationIsVisible = 0;
			defaultConfigurationName = Release;
		};
		DE57609428EE933600488447 /* Build configuration list for PBXNativeTarget "Employeedirectory" */ = {
			isa = XCConfigurationList;
			buildConfigurations = (
				DE57609528EE933600488447 /* Debug */,
				DE57609628EE933600488447 /* Release */,
			);
			defaultConfigurationIsVisible = 0;
			defaultConfigurationName = Release;
		};
		DE57609728EE933600488447 /* Build configuration list for PBXNativeTarget "EmployeedirectoryTests" */ = {
			isa = XCConfigurationList;
			buildConfigurations = (
				DE57609828EE933600488447 /* Debug */,
				DE57609928EE933600488447 /* Release */,
			);
			defaultConfigurationIsVisible = 0;
			defaultConfigurationName = Release;
		};
		DE57609A28EE933600488447 /* Build configuration list for PBXNativeTarget "EmployeedirectoryUITests" */ = {
			isa = XCConfigurationList;
			buildConfigurations = (
				DE57609B28EE933600488447 /* Debug */,
				DE57609C28EE933600488447 /* Release */,
			);
			defaultConfigurationIsVisible = 0;
			defaultConfigurationName = Release;
		};
/* End XCConfigurationList section */
	};
	rootObject = DE57606228EE933200488447 /* Project object */;
}
